
Microsoft Visual Studio Solution File, Format Version 12.00
# Visual Studio 15
VisualStudioVersion = 15.0.28307.1321
MinimumVisualStudioVersion = 10.0.40219.1
Project("{FAE04EC0-301F-11D3-BF4B-00C04F79EFBC}") = "LinqProject", "LinqProject\LinqProject.csproj", "{5BC99C3C-D8E9-48AF-A618-4B38AA394FD3}"
EndProject
Global
	GlobalSection(SolutionConfigurationPlatforms) = preSolution
		Debug|Any CPU = Debug|Any CPU
		Release|Any CPU = Release|Any CPU
	EndGlobalSection
	GlobalSection(ProjectConfigurationPlatforms) = postSolution
		{5BC99C3C-D8E9-48AF-A618-4B38AA394FD3}.Debug|Any CPU.ActiveCfg = Debug|Any CPU
		{5BC99C3C-D8E9-48AF-A618-4B38AA394FD3}.Debug|Any CPU.Build.0 = Debug|Any CPU
		{5BC99C3C-D8E9-48AF-A618-4B38AA394FD3}.Release|Any CPU.ActiveCfg = Release|Any CPU
		{5BC99C3C-D8E9-48AF-A618-4B38AA394FD3}.Release|Any CPU.Build.0 = Release|Any CPU
	EndGlobalSection
	GlobalSection(SolutionProperties) = preSolution
		HideSolutionNode = FALSE
	EndGlobalSection
	GlobalSection(ExtensibilityGlobals) = postSolution
		SolutionGuid = {C21788CE-59BC-4ED5-8316-F82FAD3E8ED7}
	EndGlobalSection
EndGlobal
